

https://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@github.com/iaeautomacaoddm-lgtm/MeetingAI-DDM.git


nome
MeetingAI-DDM

Caminho do Repositório 
/home/grpia/repositories/MeetingAI-DDM-2 





https:///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@github.com/iaeautomacaoddm-lgtm/MeetingAI-DDM.git